// !$*UTF8*$!
{
	archiveVersion = 1;
	classes = {
	};
	objectVersion = 46;
	objects = {

/* Begin PBXBuildFile section */
		84206227172FF097006BAB2B /* example.7z in Resources */ = {isa = PBXBuildFile; fileRef = 84206226172FF097006BAB2B /* example.7z */; };
		848689D8172A55D00071C32A /* UIKit.framework in Frameworks */ = {isa = PBXBuildFile; fileRef = 848689D7172A55D00071C32A /* UIKit.framework */; };
		848689DA172A55D00071C32A /* Foundation.framework in Frameworks */ = {isa = PBXBuildFile; fileRef = 848689D9172A55D00071C32A /* Foundation.framework */; };
		848689DC172A55D00071C32A /* CoreGraphics.framework in Frameworks */ = {isa = PBXBuildFile; fileRef = 848689DB172A55D00071C32A /* CoreGraphics.framework */; };
		848689E2172A55D00071C32A /* InfoPlist.strings in Resources */ = {isa = PBXBuildFile; fileRef = 848689E0172A55D00071C32A /* InfoPlist.strings */; };
		848689E4172A55D00071C32A /* main.m in Sources */ = {isa = PBXBuildFile; fileRef = 848689E3172A55D00071C32A /* main.m */; };
		848689E8172A55D00071C32A /* AppDelegate.m in Sources */ = {isa = PBXBuildFile; fileRef = 848689E7172A55D00071C32A /* AppDelegate.m */; };
		848689EA172A55D00071C32A /* Default.png in Resources */ = {isa = PBXBuildFile; fileRef = 848689E9172A55D00071C32A /* Default.png */; };
		848689EC172A55D00071C32A /* Default@2x.png in Resources */ = {isa = PBXBuildFile; fileRef = 848689EB172A55D00071C32A /* Default@2x.png */; };
		848689EE172A55D00071C32A /* Default-568h@2x.png in Resources */ = {isa = PBXBuildFile; fileRef = 848689ED172A55D00071C32A /* Default-568h@2x.png */; };
		848689F1172A55D00071C32A /* ViewController.m in Sources */ = {isa = PBXBuildFile; fileRef = 848689F0172A55D00071C32A /* ViewController.m */; };
		848689F4172A55D00071C32A /* ViewController_iPhone.xib in Resources */ = {isa = PBXBuildFile; fileRef = 848689F2172A55D00071C32A /* ViewController_iPhone.xib */; };
		848689F7172A55D00071C32A /* ViewController_iPad.xib in Resources */ = {isa = PBXBuildFile; fileRef = 848689F5172A55D00071C32A /* ViewController_iPad.xib */; };
		84868A62172A57700071C32A /* libz.dylib in Frameworks */ = {isa = PBXBuildFile; fileRef = 84868A61172A57700071C32A /* libz.dylib */; };
		84868A65172A5CFF0071C32A /* example.rar in Resources */ = {isa = PBXBuildFile; fileRef = 84868A64172A5CFF0071C32A /* example.rar */; };
		84868A67172A62BD0071C32A /* Zip_Example.zip in Resources */ = {isa = PBXBuildFile; fileRef = 84868A66172A62BD0071C32A /* Zip_Example.zip */; };
		84868A6A172A800D0071C32A /* SARUnArchiveANY.m in Sources */ = {isa = PBXBuildFile; fileRef = 84868A69172A800D0071C32A /* SARUnArchiveANY.m */; };
		EB8F9CF41C4A2BFA00C0ABA4 /* 7zBuf.c in Sources */ = {isa = PBXBuildFile; fileRef = EB8F9C851C4A2BFA00C0ABA4 /* 7zBuf.c */; };
		EB8F9CF51C4A2BFA00C0ABA4 /* 7zBuf2.c in Sources */ = {isa = PBXBuildFile; fileRef = EB8F9C871C4A2BFA00C0ABA4 /* 7zBuf2.c */; };
		EB8F9CF61C4A2BFA00C0ABA4 /* 7zDec.c in Sources */ = {isa = PBXBuildFile; fileRef = EB8F9C881C4A2BFA00C0ABA4 /* 7zDec.c */; };
		EB8F9CF71C4A2BFA00C0ABA4 /* 7zFile.c in Sources */ = {isa = PBXBuildFile; fileRef = EB8F9C891C4A2BFA00C0ABA4 /* 7zFile.c */; };
		EB8F9CF81C4A2BFA00C0ABA4 /* 7zIn.c in Sources */ = {isa = PBXBuildFile; fileRef = EB8F9C8B1C4A2BFA00C0ABA4 /* 7zIn.c */; };
		EB8F9CF91C4A2BFA00C0ABA4 /* 7zStream.c in Sources */ = {isa = PBXBuildFile; fileRef = EB8F9C8C1C4A2BFA00C0ABA4 /* 7zStream.c */; };
		EB8F9CFA1C4A2BFA00C0ABA4 /* Alloc.c in Sources */ = {isa = PBXBuildFile; fileRef = EB8F9C8E1C4A2BFA00C0ABA4 /* Alloc.c */; };
		EB8F9CFB1C4A2BFA00C0ABA4 /* CpuArch.c in Sources */ = {isa = PBXBuildFile; fileRef = EB8F9C901C4A2BFA00C0ABA4 /* CpuArch.c */; };
		EB8F9CFC1C4A2BFA00C0ABA4 /* Delta.c in Sources */ = {isa = PBXBuildFile; fileRef = EB8F9C921C4A2BFA00C0ABA4 /* Delta.c */; };
		EB8F9CFD1C4A2BFA00C0ABA4 /* Lzma2Dec.c in Sources */ = {isa = PBXBuildFile; fileRef = EB8F9C951C4A2BFA00C0ABA4 /* Lzma2Dec.c */; };
		EB8F9CFE1C4A2BFA00C0ABA4 /* LzmaDec.c in Sources */ = {isa = PBXBuildFile; fileRef = EB8F9C971C4A2BFA00C0ABA4 /* LzmaDec.c */; };
		EB8F9CFF1C4A2BFA00C0ABA4 /* LZMAExtractor.m in Sources */ = {isa = PBXBuildFile; fileRef = EB8F9C9A1C4A2BFA00C0ABA4 /* LZMAExtractor.m */; };
		EB8F9D001C4A2BFA00C0ABA4 /* Ppmd7.c in Sources */ = {isa = PBXBuildFile; fileRef = EB8F9C9C1C4A2BFA00C0ABA4 /* Ppmd7.c */; };
		EB8F9D011C4A2BFA00C0ABA4 /* Ppmd7Dec.c in Sources */ = {isa = PBXBuildFile; fileRef = EB8F9C9E1C4A2BFA00C0ABA4 /* Ppmd7Dec.c */; };
		EB8F9D021C4A2BFA00C0ABA4 /* Ppmd8.c in Sources */ = {isa = PBXBuildFile; fileRef = EB8F9C9F1C4A2BFA00C0ABA4 /* Ppmd8.c */; };
		EB8F9D031C4A2BFA00C0ABA4 /* Ppmd8Dec.c in Sources */ = {isa = PBXBuildFile; fileRef = EB8F9CA11C4A2BFA00C0ABA4 /* Ppmd8Dec.c */; };
		EB8F9D041C4A2BFA00C0ABA4 /* 7zAlloc.c in Sources */ = {isa = PBXBuildFile; fileRef = EB8F9CA61C4A2BFA00C0ABA4 /* 7zAlloc.c */; };
		EB8F9D051C4A2BFA00C0ABA4 /* 7zMain.c in Sources */ = {isa = PBXBuildFile; fileRef = EB8F9CA81C4A2BFA00C0ABA4 /* 7zMain.c */; };
		EB8F9D061C4A2BFA00C0ABA4 /* RARExtractException.m in Sources */ = {isa = PBXBuildFile; fileRef = EB8F9CE51C4A2BFA00C0ABA4 /* RARExtractException.m */; };
		EB8F9D071C4A2BFA00C0ABA4 /* Unrar4iOS.mm in Sources */ = {isa = PBXBuildFile; fileRef = EB8F9CE61C4A2BFA00C0ABA4 /* Unrar4iOS.mm */; };
		EB8F9D081C4A2BFA00C0ABA4 /* ioapi.c in Sources */ = {isa = PBXBuildFile; fileRef = EB8F9CEA1C4A2BFA00C0ABA4 /* ioapi.c */; };
		EB8F9D091C4A2BFA00C0ABA4 /* mztools.c in Sources */ = {isa = PBXBuildFile; fileRef = EB8F9CEC1C4A2BFA00C0ABA4 /* mztools.c */; };
		EB8F9D0A1C4A2BFA00C0ABA4 /* unzip.c in Sources */ = {isa = PBXBuildFile; fileRef = EB8F9CEE1C4A2BFA00C0ABA4 /* unzip.c */; };
		EB8F9D0B1C4A2BFA00C0ABA4 /* zip.c in Sources */ = {isa = PBXBuildFile; fileRef = EB8F9CF01C4A2BFA00C0ABA4 /* zip.c */; };
		EB8F9D0C1C4A2BFA00C0ABA4 /* SSZipArchive.m in Sources */ = {isa = PBXBuildFile; fileRef = EB8F9CF31C4A2BFA00C0ABA4 /* SSZipArchive.m */; };
		EB8F9D0F1C4A2C2E00C0ABA4 /* Unrar4iOS.framework in Frameworks */ = {isa = PBXBuildFile; fileRef = EB8F9D0E1C4A2C2E00C0ABA4 /* Unrar4iOS.framework */; };
/* End PBXBuildFile section */

/* Begin PBXFileReference section */
		84206226172FF097006BAB2B /* example.7z */ = {isa = PBXFileReference; lastKnownFileType = file; path = example.7z; sourceTree = "<group>"; };
		848689D4172A55D00071C32A /* SARUnArchiveANY.app */ = {isa = PBXFileReference; explicitFileType = wrapper.application; includeInIndex = 0; path = SARUnArchiveANY.app; sourceTree = BUILT_PRODUCTS_DIR; };
		848689D7172A55D00071C32A /* UIKit.framework */ = {isa = PBXFileReference; lastKnownFileType = wrapper.framework; name = UIKit.framework; path = System/Library/Frameworks/UIKit.framework; sourceTree = SDKROOT; };
		848689D9172A55D00071C32A /* Foundation.framework */ = {isa = PBXFileReference; lastKnownFileType = wrapper.framework; name = Foundation.framework; path = System/Library/Frameworks/Foundation.framework; sourceTree = SDKROOT; };
		848689DB172A55D00071C32A /* CoreGraphics.framework */ = {isa = PBXFileReference; lastKnownFileType = wrapper.framework; name = CoreGraphics.framework; path = System/Library/Frameworks/CoreGraphics.framework; sourceTree = SDKROOT; };
		848689DF172A55D00071C32A /* SARUnArchiveANY-Info.plist */ = {isa = PBXFileReference; lastKnownFileType = text.plist.xml; path = "SARUnArchiveANY-Info.plist"; sourceTree = "<group>"; };
		848689E1172A55D00071C32A /* en */ = {isa = PBXFileReference; lastKnownFileType = text.plist.strings; name = en; path = en.lproj/InfoPlist.strings; sourceTree = "<group>"; };
		848689E3172A55D00071C32A /* main.m */ = {isa = PBXFileReference; lastKnownFileType = sourcecode.c.objc; path = main.m; sourceTree = "<group>"; };
		848689E5172A55D00071C32A /* SARUnArchiveANY-Prefix.pch */ = {isa = PBXFileReference; lastKnownFileType = sourcecode.c.h; path = "SARUnArchiveANY-Prefix.pch"; sourceTree = "<group>"; };
		848689E6172A55D00071C32A /* AppDelegate.h */ = {isa = PBXFileReference; lastKnownFileType = sourcecode.c.h; path = AppDelegate.h; sourceTree = "<group>"; };
		848689E7172A55D00071C32A /* AppDelegate.m */ = {isa = PBXFileReference; lastKnownFileType = sourcecode.c.objc; path = AppDelegate.m; sourceTree = "<group>"; };
		848689E9172A55D00071C32A /* Default.png */ = {isa = PBXFileReference; lastKnownFileType = image.png; path = Default.png; sourceTree = "<group>"; };
		848689EB172A55D00071C32A /* Default@2x.png */ = {isa = PBXFileReference; lastKnownFileType = image.png; path = "Default@2x.png"; sourceTree = "<group>"; };
		848689ED172A55D00071C32A /* Default-568h@2x.png */ = {isa = PBXFileReference; lastKnownFileType = image.png; path = "Default-568h@2x.png"; sourceTree = "<group>"; };
		848689EF172A55D00071C32A /* ViewController.h */ = {isa = PBXFileReference; lastKnownFileType = sourcecode.c.h; path = ViewController.h; sourceTree = "<group>"; };
		848689F0172A55D00071C32A /* ViewController.m */ = {isa = PBXFileReference; lastKnownFileType = sourcecode.c.objc; path = ViewController.m; sourceTree = "<group>"; };
		848689F3172A55D00071C32A /* en */ = {isa = PBXFileReference; lastKnownFileType = file.xib; name = en; path = en.lproj/ViewController_iPhone.xib; sourceTree = "<group>"; };
		848689F6172A55D00071C32A /* en */ = {isa = PBXFileReference; lastKnownFileType = file.xib; name = en; path = en.lproj/ViewController_iPad.xib; sourceTree = "<group>"; };
		84868A61172A57700071C32A /* libz.dylib */ = {isa = PBXFileReference; lastKnownFileType = "compiled.mach-o.dylib"; name = libz.dylib; path = usr/lib/libz.dylib; sourceTree = SDKROOT; };
		84868A64172A5CFF0071C32A /* example.rar */ = {isa = PBXFileReference; lastKnownFileType = file; path = example.rar; sourceTree = "<group>"; };
		84868A66172A62BD0071C32A /* Zip_Example.zip */ = {isa = PBXFileReference; lastKnownFileType = archive.zip; path = Zip_Example.zip; sourceTree = "<group>"; };
		84868A68172A800D0071C32A /* SARUnArchiveANY.h */ = {isa = PBXFileReference; fileEncoding = 4; lastKnownFileType = sourcecode.c.h; path = SARUnArchiveANY.h; sourceTree = "<group>"; };
		84868A69172A800D0071C32A /* SARUnArchiveANY.m */ = {isa = PBXFileReference; fileEncoding = 4; lastKnownFileType = sourcecode.c.objc; path = SARUnArchiveANY.m; sourceTree = "<group>"; };
		EB8F9C841C4A2BFA00C0ABA4 /* 7z.h */ = {isa = PBXFileReference; fileEncoding = 4; lastKnownFileType = sourcecode.c.h; path = 7z.h; sourceTree = "<group>"; };
		EB8F9C851C4A2BFA00C0ABA4 /* 7zBuf.c */ = {isa = PBXFileReference; fileEncoding = 4; lastKnownFileType = sourcecode.c.c; path = 7zBuf.c; sourceTree = "<group>"; };
		EB8F9C861C4A2BFA00C0ABA4 /* 7zBuf.h */ = {isa = PBXFileReference; fileEncoding = 4; lastKnownFileType = sourcecode.c.h; path = 7zBuf.h; sourceTree = "<group>"; };
		EB8F9C871C4A2BFA00C0ABA4 /* 7zBuf2.c */ = {isa = PBXFileReference; fileEncoding = 4; lastKnownFileType = sourcecode.c.c; path = 7zBuf2.c; sourceTree = "<group>"; };
		EB8F9C881C4A2BFA00C0ABA4 /* 7zDec.c */ = {isa = PBXFileReference; fileEncoding = 4; lastKnownFileType = sourcecode.c.c; path = 7zDec.c; sourceTree = "<group>"; };
		EB8F9C891C4A2BFA00C0ABA4 /* 7zFile.c */ = {isa = PBXFileReference; fileEncoding = 4; lastKnownFileType = sourcecode.c.c; path = 7zFile.c; sourceTree = "<group>"; };
		EB8F9C8A1C4A2BFA00C0ABA4 /* 7zFile.h */ = {isa = PBXFileReference; fileEncoding = 4; lastKnownFileType = sourcecode.c.h; path = 7zFile.h; sourceTree = "<group>"; };
		EB8F9C8B1C4A2BFA00C0ABA4 /* 7zIn.c */ = {isa = PBXFileReference; fileEncoding = 4; lastKnownFileType = sourcecode.c.c; path = 7zIn.c; sourceTree = "<group>"; };
		EB8F9C8C1C4A2BFA00C0ABA4 /* 7zStream.c */ = {isa = PBXFileReference; fileEncoding = 4; lastKnownFileType = sourcecode.c.c; path = 7zStream.c; sourceTree = "<group>"; };
		EB8F9C8D1C4A2BFA00C0ABA4 /* 7zVersion.h */ = {isa = PBXFileReference; fileEncoding = 4; lastKnownFileType = sourcecode.c.h; path = 7zVersion.h; sourceTree = "<group>"; };
		EB8F9C8E1C4A2BFA00C0ABA4 /* Alloc.c */ = {isa = PBXFileReference; fileEncoding = 4; lastKnownFileType = sourcecode.c.c; path = Alloc.c; sourceTree = "<group>"; };
		EB8F9C8F1C4A2BFA00C0ABA4 /* Alloc.h */ = {isa = PBXFileReference; fileEncoding = 4; lastKnownFileType = sourcecode.c.h; path = Alloc.h; sourceTree = "<group>"; };
		EB8F9C901C4A2BFA00C0ABA4 /* CpuArch.c */ = {isa = PBXFileReference; fileEncoding = 4; lastKnownFileType = sourcecode.c.c; path = CpuArch.c; sourceTree = "<group>"; };
		EB8F9C911C4A2BFA00C0ABA4 /* CpuArch.h */ = {isa = PBXFileReference; fileEncoding = 4; lastKnownFileType = sourcecode.c.h; path = CpuArch.h; sourceTree = "<group>"; };
		EB8F9C921C4A2BFA00C0ABA4 /* Delta.c */ = {isa = PBXFileReference; fileEncoding = 4; lastKnownFileType = sourcecode.c.c; path = Delta.c; sourceTree = "<group>"; };
		EB8F9C931C4A2BFA00C0ABA4 /* Delta.h */ = {isa = PBXFileReference; fileEncoding = 4; lastKnownFileType = sourcecode.c.h; path = Delta.h; sourceTree = "<group>"; };
		EB8F9C941C4A2BFA00C0ABA4 /* LzHash.h */ = {isa = PBXFileReference; fileEncoding = 4; lastKnownFileType = sourcecode.c.h; path = LzHash.h; sourceTree = "<group>"; };
		EB8F9C951C4A2BFA00C0ABA4 /* Lzma2Dec.c */ = {isa = PBXFileReference; fileEncoding = 4; lastKnownFileType = sourcecode.c.c; path = Lzma2Dec.c; sourceTree = "<group>"; };
		EB8F9C961C4A2BFA00C0ABA4 /* Lzma2Dec.h */ = {isa = PBXFileReference; fileEncoding = 4; lastKnownFileType = sourcecode.c.h; path = Lzma2Dec.h; sourceTree = "<group>"; };
		EB8F9C971C4A2BFA00C0ABA4 /* LzmaDec.c */ = {isa = PBXFileReference; fileEncoding = 4; lastKnownFileType = sourcecode.c.c; path = LzmaDec.c; sourceTree = "<group>"; };
		EB8F9C981C4A2BFA00C0ABA4 /* LzmaDec.h */ = {isa = PBXFileReference; fileEncoding = 4; lastKnownFileType = sourcecode.c.h; path = LzmaDec.h; sourceTree = "<group>"; };
		EB8F9C991C4A2BFA00C0ABA4 /* LZMAExtractor.h */ = {isa = PBXFileReference; fileEncoding = 4; lastKnownFileType = sourcecode.c.h; path = LZMAExtractor.h; sourceTree = "<group>"; };
		EB8F9C9A1C4A2BFA00C0ABA4 /* LZMAExtractor.m */ = {isa = PBXFileReference; fileEncoding = 4; lastKnownFileType = sourcecode.c.objc; path = LZMAExtractor.m; sourceTree = "<group>"; };
		EB8F9C9B1C4A2BFA00C0ABA4 /* Ppmd.h */ = {isa = PBXFileReference; fileEncoding = 4; lastKnownFileType = sourcecode.c.h; path = Ppmd.h; sourceTree = "<group>"; };
		EB8F9C9C1C4A2BFA00C0ABA4 /* Ppmd7.c */ = {isa = PBXFileReference; fileEncoding = 4; lastKnownFileType = sourcecode.c.c; path = Ppmd7.c; sourceTree = "<group>"; };
		EB8F9C9D1C4A2BFA00C0ABA4 /* Ppmd7.h */ = {isa = PBXFileReference; fileEncoding = 4; lastKnownFileType = sourcecode.c.h; path = Ppmd7.h; sourceTree = "<group>"; };
		EB8F9C9E1C4A2BFA00C0ABA4 /* Ppmd7Dec.c */ = {isa = PBXFileReference; fileEncoding = 4; lastKnownFileType = sourcecode.c.c; path = Ppmd7Dec.c; sourceTree = "<group>"; };
		EB8F9C9F1C4A2BFA00C0ABA4 /* Ppmd8.c */ = {isa = PBXFileReference; fileEncoding = 4; lastKnownFileType = sourcecode.c.c; path = Ppmd8.c; sourceTree = "<group>"; };
		EB8F9CA01C4A2BFA00C0ABA4 /* Ppmd8.h */ = {isa = PBXFileReference; fileEncoding = 4; lastKnownFileType = sourcecode.c.h; path = Ppmd8.h; sourceTree = "<group>"; };
		EB8F9CA11C4A2BFA00C0ABA4 /* Ppmd8Dec.c */ = {isa = PBXFileReference; fileEncoding = 4; lastKnownFileType = sourcecode.c.c; path = Ppmd8Dec.c; sourceTree = "<group>"; };
		EB8F9CA21C4A2BFA00C0ABA4 /* RotateDefs.h */ = {isa = PBXFileReference; fileEncoding = 4; lastKnownFileType = sourcecode.c.h; path = RotateDefs.h; sourceTree = "<group>"; };
		EB8F9CA31C4A2BFA00C0ABA4 /* Types.h */ = {isa = PBXFileReference; fileEncoding = 4; lastKnownFileType = sourcecode.c.h; path = Types.h; sourceTree = "<group>"; };
		EB8F9CA61C4A2BFA00C0ABA4 /* 7zAlloc.c */ = {isa = PBXFileReference; fileEncoding = 4; lastKnownFileType = sourcecode.c.c; path = 7zAlloc.c; sourceTree = "<group>"; };
		EB8F9CA71C4A2BFA00C0ABA4 /* 7zAlloc.h */ = {isa = PBXFileReference; fileEncoding = 4; lastKnownFileType = sourcecode.c.h; path = 7zAlloc.h; sourceTree = "<group>"; };
		EB8F9CA81C4A2BFA00C0ABA4 /* 7zMain.c */ = {isa = PBXFileReference; fileEncoding = 4; lastKnownFileType = sourcecode.c.c; path = 7zMain.c; sourceTree = "<group>"; };
		EB8F9CAB1C4A2BFA00C0ABA4 /* archive.hpp */ = {isa = PBXFileReference; fileEncoding = 4; lastKnownFileType = sourcecode.cpp.h; path = archive.hpp; sourceTree = "<group>"; };
		EB8F9CAC1C4A2BFA00C0ABA4 /* array.hpp */ = {isa = PBXFileReference; fileEncoding = 4; lastKnownFileType = sourcecode.cpp.h; path = array.hpp; sourceTree = "<group>"; };
		EB8F9CAD1C4A2BFA00C0ABA4 /* cmddata.hpp */ = {isa = PBXFileReference; fileEncoding = 4; lastKnownFileType = sourcecode.cpp.h; path = cmddata.hpp; sourceTree = "<group>"; };
		EB8F9CAE1C4A2BFA00C0ABA4 /* coder.hpp */ = {isa = PBXFileReference; fileEncoding = 4; lastKnownFileType = sourcecode.cpp.h; path = coder.hpp; sourceTree = "<group>"; };
		EB8F9CAF1C4A2BFA00C0ABA4 /* compress.hpp */ = {isa = PBXFileReference; fileEncoding = 4; lastKnownFileType = sourcecode.cpp.h; path = compress.hpp; sourceTree = "<group>"; };
		EB8F9CB01C4A2BFA00C0ABA4 /* consio.hpp */ = {isa = PBXFileReference; fileEncoding = 4; lastKnownFileType = sourcecode.cpp.h; path = consio.hpp; sourceTree = "<group>"; };
		EB8F9CB11C4A2BFA00C0ABA4 /* crc.hpp */ = {isa = PBXFileReference; fileEncoding = 4; lastKnownFileType = sourcecode.cpp.h; path = crc.hpp; sourceTree = "<group>"; };
		EB8F9CB21C4A2BFA00C0ABA4 /* crypt.hpp */ = {isa = PBXFileReference; fileEncoding = 4; lastKnownFileType = sourcecode.cpp.h; path = crypt.hpp; sourceTree = "<group>"; };
		EB8F9CB31C4A2BFA00C0ABA4 /* dll.hpp */ = {isa = PBXFileReference; fileEncoding = 4; lastKnownFileType = sourcecode.cpp.h; path = dll.hpp; sourceTree = "<group>"; };
		EB8F9CB41C4A2BFA00C0ABA4 /* encname.hpp */ = {isa = PBXFileReference; fileEncoding = 4; lastKnownFileType = sourcecode.cpp.h; path = encname.hpp; sourceTree = "<group>"; };
		EB8F9CB51C4A2BFA00C0ABA4 /* errhnd.hpp */ = {isa = PBXFileReference; fileEncoding = 4; lastKnownFileType = sourcecode.cpp.h; path = errhnd.hpp; sourceTree = "<group>"; };
		EB8F9CB61C4A2BFA00C0ABA4 /* extinfo.hpp */ = {isa = PBXFileReference; fileEncoding = 4; lastKnownFileType = sourcecode.cpp.h; path = extinfo.hpp; sourceTree = "<group>"; };
		EB8F9CB71C4A2BFA00C0ABA4 /* extract.hpp */ = {isa = PBXFileReference; fileEncoding = 4; lastKnownFileType = sourcecode.cpp.h; path = extract.hpp; sourceTree = "<group>"; };
		EB8F9CB81C4A2BFA00C0ABA4 /* filcreat.hpp */ = {isa = PBXFileReference; fileEncoding = 4; lastKnownFileType = sourcecode.cpp.h; path = filcreat.hpp; sourceTree = "<group>"; };
		EB8F9CB91C4A2BFA00C0ABA4 /* file.hpp */ = {isa = PBXFileReference; fileEncoding = 4; lastKnownFileType = sourcecode.cpp.h; path = file.hpp; sourceTree = "<group>"; };
		EB8F9CBA1C4A2BFA00C0ABA4 /* filefn.hpp */ = {isa = PBXFileReference; fileEncoding = 4; lastKnownFileType = sourcecode.cpp.h; path = filefn.hpp; sourceTree = "<group>"; };
		EB8F9CBB1C4A2BFA00C0ABA4 /* filestr.hpp */ = {isa = PBXFileReference; fileEncoding = 4; lastKnownFileType = sourcecode.cpp.h; path = filestr.hpp; sourceTree = "<group>"; };
		EB8F9CBC1C4A2BFA00C0ABA4 /* find.hpp */ = {isa = PBXFileReference; fileEncoding = 4; lastKnownFileType = sourcecode.cpp.h; path = find.hpp; sourceTree = "<group>"; };
		EB8F9CBD1C4A2BFA00C0ABA4 /* getbits.hpp */ = {isa = PBXFileReference; fileEncoding = 4; lastKnownFileType = sourcecode.cpp.h; path = getbits.hpp; sourceTree = "<group>"; };
		EB8F9CBE1C4A2BFA00C0ABA4 /* global.hpp */ = {isa = PBXFileReference; fileEncoding = 4; lastKnownFileType = sourcecode.cpp.h; path = global.hpp; sourceTree = "<group>"; };
		EB8F9CBF1C4A2BFA00C0ABA4 /* headers.hpp */ = {isa = PBXFileReference; fileEncoding = 4; lastKnownFileType = sourcecode.cpp.h; path = headers.hpp; sourceTree = "<group>"; };
		EB8F9CC01C4A2BFA00C0ABA4 /* isnt.hpp */ = {isa = PBXFileReference; fileEncoding = 4; lastKnownFileType = sourcecode.cpp.h; path = isnt.hpp; sourceTree = "<group>"; };
		EB8F9CC11C4A2BFA00C0ABA4 /* list.hpp */ = {isa = PBXFileReference; fileEncoding = 4; lastKnownFileType = sourcecode.cpp.h; path = list.hpp; sourceTree = "<group>"; };
		EB8F9CC21C4A2BFA00C0ABA4 /* loclang.hpp */ = {isa = PBXFileReference; fileEncoding = 4; lastKnownFileType = sourcecode.cpp.h; path = loclang.hpp; sourceTree = "<group>"; };
		EB8F9CC31C4A2BFA00C0ABA4 /* log.hpp */ = {isa = PBXFileReference; fileEncoding = 4; lastKnownFileType = sourcecode.cpp.h; path = log.hpp; sourceTree = "<group>"; };
		EB8F9CC41C4A2BFA00C0ABA4 /* match.hpp */ = {isa = PBXFileReference; fileEncoding = 4; lastKnownFileType = sourcecode.cpp.h; path = match.hpp; sourceTree = "<group>"; };
		EB8F9CC51C4A2BFA00C0ABA4 /* model.hpp */ = {isa = PBXFileReference; fileEncoding = 4; lastKnownFileType = sourcecode.cpp.h; path = model.hpp; sourceTree = "<group>"; };
		EB8F9CC61C4A2BFA00C0ABA4 /* options.hpp */ = {isa = PBXFileReference; fileEncoding = 4; lastKnownFileType = sourcecode.cpp.h; path = options.hpp; sourceTree = "<group>"; };
		EB8F9CC71C4A2BFA00C0ABA4 /* os.hpp */ = {isa = PBXFileReference; fileEncoding = 4; lastKnownFileType = sourcecode.cpp.h; path = os.hpp; sourceTree = "<group>"; };
		EB8F9CC81C4A2BFA00C0ABA4 /* pathfn.hpp */ = {isa = PBXFileReference; fileEncoding = 4; lastKnownFileType = sourcecode.cpp.h; path = pathfn.hpp; sourceTree = "<group>"; };
		EB8F9CC91C4A2BFA00C0ABA4 /* rar.hpp */ = {isa = PBXFileReference; fileEncoding = 4; lastKnownFileType = sourcecode.cpp.h; path = rar.hpp; sourceTree = "<group>"; };
		EB8F9CCA1C4A2BFA00C0ABA4 /* rardefs.hpp */ = {isa = PBXFileReference; fileEncoding = 4; lastKnownFileType = sourcecode.cpp.h; path = rardefs.hpp; sourceTree = "<group>"; };
		EB8F9CCB1C4A2BFA00C0ABA4 /* rarlang.hpp */ = {isa = PBXFileReference; fileEncoding = 4; lastKnownFileType = sourcecode.cpp.h; path = rarlang.hpp; sourceTree = "<group>"; };
		EB8F9CCC1C4A2BFA00C0ABA4 /* raros.hpp */ = {isa = PBXFileReference; fileEncoding = 4; lastKnownFileType = sourcecode.cpp.h; path = raros.hpp; sourceTree = "<group>"; };
		EB8F9CCD1C4A2BFA00C0ABA4 /* rartypes.hpp */ = {isa = PBXFileReference; fileEncoding = 4; lastKnownFileType = sourcecode.cpp.h; path = rartypes.hpp; sourceTree = "<group>"; };
		EB8F9CCE1C4A2BFA00C0ABA4 /* rarvm.hpp */ = {isa = PBXFileReference; fileEncoding = 4; lastKnownFileType = sourcecode.cpp.h; path = rarvm.hpp; sourceTree = "<group>"; };
		EB8F9CCF1C4A2BFA00C0ABA4 /* rawread.hpp */ = {isa = PBXFileReference; fileEncoding = 4; lastKnownFileType = sourcecode.cpp.h; path = rawread.hpp; sourceTree = "<group>"; };
		EB8F9CD01C4A2BFA00C0ABA4 /* rdwrfn.hpp */ = {isa = PBXFileReference; fileEncoding = 4; lastKnownFileType = sourcecode.cpp.h; path = rdwrfn.hpp; sourceTree = "<group>"; };
		EB8F9CD11C4A2BFA00C0ABA4 /* recvol.hpp */ = {isa = PBXFileReference; fileEncoding = 4; lastKnownFileType = sourcecode.cpp.h; path = recvol.hpp; sourceTree = "<group>"; };
		EB8F9CD21C4A2BFA00C0ABA4 /* resource.hpp */ = {isa = PBXFileReference; fileEncoding = 4; lastKnownFileType = sourcecode.cpp.h; path = resource.hpp; sourceTree = "<group>"; };
		EB8F9CD31C4A2BFA00C0ABA4 /* rijndael.hpp */ = {isa = PBXFileReference; fileEncoding = 4; lastKnownFileType = sourcecode.cpp.h; path = rijndael.hpp; sourceTree = "<group>"; };
		EB8F9CD41C4A2BFA00C0ABA4 /* rs.hpp */ = {isa = PBXFileReference; fileEncoding = 4; lastKnownFileType = sourcecode.cpp.h; path = rs.hpp; sourceTree = "<group>"; };
		EB8F9CD51C4A2BFA00C0ABA4 /* savepos.hpp */ = {isa = PBXFileReference; fileEncoding = 4; lastKnownFileType = sourcecode.cpp.h; path = savepos.hpp; sourceTree = "<group>"; };
		EB8F9CD61C4A2BFA00C0ABA4 /* scantree.hpp */ = {isa = PBXFileReference; fileEncoding = 4; lastKnownFileType = sourcecode.cpp.h; path = scantree.hpp; sourceTree = "<group>"; };
		EB8F9CD71C4A2BFA00C0ABA4 /* sha1.hpp */ = {isa = PBXFileReference; fileEncoding = 4; lastKnownFileType = sourcecode.cpp.h; path = sha1.hpp; sourceTree = "<group>"; };
		EB8F9CD81C4A2BFA00C0ABA4 /* smallfn.hpp */ = {isa = PBXFileReference; fileEncoding = 4; lastKnownFileType = sourcecode.cpp.h; path = smallfn.hpp; sourceTree = "<group>"; };
		EB8F9CD91C4A2BFA00C0ABA4 /* strfn.hpp */ = {isa = PBXFileReference; fileEncoding = 4; lastKnownFileType = sourcecode.cpp.h; path = strfn.hpp; sourceTree = "<group>"; };
		EB8F9CDA1C4A2BFA00C0ABA4 /* strlist.hpp */ = {isa = PBXFileReference; fileEncoding = 4; lastKnownFileType = sourcecode.cpp.h; path = strlist.hpp; sourceTree = "<group>"; };
		EB8F9CDB1C4A2BFA00C0ABA4 /* suballoc.hpp */ = {isa = PBXFileReference; fileEncoding = 4; lastKnownFileType = sourcecode.cpp.h; path = suballoc.hpp; sourceTree = "<group>"; };
		EB8F9CDC1C4A2BFA00C0ABA4 /* system.hpp */ = {isa = PBXFileReference; fileEncoding = 4; lastKnownFileType = sourcecode.cpp.h; path = system.hpp; sourceTree = "<group>"; };
		EB8F9CDD1C4A2BFA00C0ABA4 /* timefn.hpp */ = {isa = PBXFileReference; fileEncoding = 4; lastKnownFileType = sourcecode.cpp.h; path = timefn.hpp; sourceTree = "<group>"; };
		EB8F9CDE1C4A2BFA00C0ABA4 /* ulinks.hpp */ = {isa = PBXFileReference; fileEncoding = 4; lastKnownFileType = sourcecode.cpp.h; path = ulinks.hpp; sourceTree = "<group>"; };
		EB8F9CDF1C4A2BFA00C0ABA4 /* unicode.hpp */ = {isa = PBXFileReference; fileEncoding = 4; lastKnownFileType = sourcecode.cpp.h; path = unicode.hpp; sourceTree = "<group>"; };
		EB8F9CE01C4A2BFA00C0ABA4 /* unpack.hpp */ = {isa = PBXFileReference; fileEncoding = 4; lastKnownFileType = sourcecode.cpp.h; path = unpack.hpp; sourceTree = "<group>"; };
		EB8F9CE11C4A2BFA00C0ABA4 /* Unrar4iOS.h */ = {isa = PBXFileReference; fileEncoding = 4; lastKnownFileType = sourcecode.c.h; path = Unrar4iOS.h; sourceTree = "<group>"; };
		EB8F9CE21C4A2BFA00C0ABA4 /* version.hpp */ = {isa = PBXFileReference; fileEncoding = 4; lastKnownFileType = sourcecode.cpp.h; path = version.hpp; sourceTree = "<group>"; };
		EB8F9CE31C4A2BFA00C0ABA4 /* volume.hpp */ = {isa = PBXFileReference; fileEncoding = 4; lastKnownFileType = sourcecode.cpp.h; path = volume.hpp; sourceTree = "<group>"; };
		EB8F9CE41C4A2BFA00C0ABA4 /* RARExtractException.h */ = {isa = PBXFileReference; fileEncoding = 4; lastKnownFileType = sourcecode.c.h; path = RARExtractException.h; sourceTree = "<group>"; };
		EB8F9CE51C4A2BFA00C0ABA4 /* RARExtractException.m */ = {isa = PBXFileReference; fileEncoding = 4; lastKnownFileType = sourcecode.c.objc; path = RARExtractException.m; sourceTree = "<group>"; };
		EB8F9CE61C4A2BFA00C0ABA4 /* Unrar4iOS.mm */ = {isa = PBXFileReference; fileEncoding = 4; lastKnownFileType = sourcecode.cpp.objcpp; path = Unrar4iOS.mm; sourceTree = "<group>"; };
		EB8F9CE91C4A2BFA00C0ABA4 /* crypt.h */ = {isa = PBXFileReference; fileEncoding = 4; lastKnownFileType = sourcecode.c.h; path = crypt.h; sourceTree = "<group>"; };
		EB8F9CEA1C4A2BFA00C0ABA4 /* ioapi.c */ = {isa = PBXFileReference; fileEncoding = 4; lastKnownFileType = sourcecode.c.c; path = ioapi.c; sourceTree = "<group>"; };
		EB8F9CEB1C4A2BFA00C0ABA4 /* ioapi.h */ = {isa = PBXFileReference; fileEncoding = 4; lastKnownFileType = sourcecode.c.h; path = ioapi.h; sourceTree = "<group>"; };
		EB8F9CEC1C4A2BFA00C0ABA4 /* mztools.c */ = {isa = PBXFileReference; fileEncoding = 4; lastKnownFileType = sourcecode.c.c; path = mztools.c; sourceTree = "<group>"; };
		EB8F9CED1C4A2BFA00C0ABA4 /* mztools.h */ = {isa = PBXFileReference; fileEncoding = 4; lastKnownFileType = sourcecode.c.h; path = mztools.h; sourceTree = "<group>"; };
		EB8F9CEE1C4A2BFA00C0ABA4 /* unzip.c */ = {isa = PBXFileReference; fileEncoding = 4; lastKnownFileType = sourcecode.c.c; path = unzip.c; sourceTree = "<group>"; };
		EB8F9CEF1C4A2BFA00C0ABA4 /* unzip.h */ = {isa = PBXFileReference; fileEncoding = 4; lastKnownFileType = sourcecode.c.h; path = unzip.h; sourceTree = "<group>"; };
		EB8F9CF01C4A2BFA00C0ABA4 /* zip.c */ = {isa = PBXFileReference; fileEncoding = 4; lastKnownFileType = sourcecode.c.c; path = zip.c; sourceTree = "<group>"; };
		EB8F9CF11C4A2BFA00C0ABA4 /* zip.h */ = {isa = PBXFileReference; fileEncoding = 4; lastKnownFileType = sourcecode.c.h; path = zip.h; sourceTree = "<group>"; };
		EB8F9CF21C4A2BFA00C0ABA4 /* SSZipArchive.h */ = {isa = PBXFileReference; fileEncoding = 4; lastKnownFileType = sourcecode.c.h; path = SSZipArchive.h; sourceTree = "<group>"; };
		EB8F9CF31C4A2BFA00C0ABA4 /* SSZipArchive.m */ = {isa = PBXFileReference; fileEncoding = 4; lastKnownFileType = sourcecode.c.objc; path = SSZipArchive.m; sourceTree = "<group>"; };
		EB8F9D0E1C4A2C2E00C0ABA4 /* Unrar4iOS.framework */ = {isa = PBXFileReference; lastKnownFileType = wrapper.framework; path = Unrar4iOS.framework; sourceTree = "<group>"; };
/* End PBXFileReference section */

/* Begin PBXFrameworksBuildPhase section */
		848689D1172A55D00071C32A /* Frameworks */ = {
			isa = PBXFrameworksBuildPhase;
			buildActionMask = 2147483647;
			files = (
				EB8F9D0F1C4A2C2E00C0ABA4 /* Unrar4iOS.framework in Frameworks */,
				84868A62172A57700071C32A /* libz.dylib in Frameworks */,
				848689D8172A55D00071C32A /* UIKit.framework in Frameworks */,
				848689DA172A55D00071C32A /* Foundation.framework in Frameworks */,
				848689DC172A55D00071C32A /* CoreGraphics.framework in Frameworks */,
			);
			runOnlyForDeploymentPostprocessing = 0;
		};
/* End PBXFrameworksBuildPhase section */

/* Begin PBXGroup section */
		848689CB172A55D00071C32A = {
			isa = PBXGroup;
			children = (
				EB8F9C821C4A2BFA00C0ABA4 /* vendor */,
				848689DD172A55D00071C32A /* SARUnArchiveANY */,
				84868A63172A5CF00071C32A /* Resources */,
				848689D6172A55D00071C32A /* Frameworks */,
				848689D5172A55D00071C32A /* Products */,
			);
			sourceTree = "<group>";
		};
		848689D5172A55D00071C32A /* Products */ = {
			isa = PBXGroup;
			children = (
				848689D4172A55D00071C32A /* SARUnArchiveANY.app */,
			);
			name = Products;
			sourceTree = "<group>";
		};
		848689D6172A55D00071C32A /* Frameworks */ = {
			isa = PBXGroup;
			children = (
				84868A61172A57700071C32A /* libz.dylib */,
				848689D7172A55D00071C32A /* UIKit.framework */,
				848689D9172A55D00071C32A /* Foundation.framework */,
				848689DB172A55D00071C32A /* CoreGraphics.framework */,
			);
			name = Frameworks;
			sourceTree = "<group>";
		};
		848689DD172A55D00071C32A /* SARUnArchiveANY */ = {
			isa = PBXGroup;
			children = (
				848689E6172A55D00071C32A /* AppDelegate.h */,
				848689E7172A55D00071C32A /* AppDelegate.m */,
				848689EF172A55D00071C32A /* ViewController.h */,
				848689F0172A55D00071C32A /* ViewController.m */,
				84868A68172A800D0071C32A /* SARUnArchiveANY.h */,
				84868A69172A800D0071C32A /* SARUnArchiveANY.m */,
				848689DE172A55D00071C32A /* Supporting Files */,
			);
			path = SARUnArchiveANY;
			sourceTree = "<group>";
		};
		848689DE172A55D00071C32A /* Supporting Files */ = {
			isa = PBXGroup;
			children = (
				848689DF172A55D00071C32A /* SARUnArchiveANY-Info.plist */,
				848689E0172A55D00071C32A /* InfoPlist.strings */,
				848689E3172A55D00071C32A /* main.m */,
				848689E5172A55D00071C32A /* SARUnArchiveANY-Prefix.pch */,
				848689E9172A55D00071C32A /* Default.png */,
				848689EB172A55D00071C32A /* Default@2x.png */,
				848689ED172A55D00071C32A /* Default-568h@2x.png */,
			);
			name = "Supporting Files";
			sourceTree = "<group>";
		};
		84868A63172A5CF00071C32A /* Resources */ = {
			isa = PBXGroup;
			children = (
				84206226172FF097006BAB2B /* example.7z */,
				84868A66172A62BD0071C32A /* Zip_Example.zip */,
				84868A64172A5CFF0071C32A /* example.rar */,
				848689F2172A55D00071C32A /* ViewController_iPhone.xib */,
				848689F5172A55D00071C32A /* ViewController_iPad.xib */,
			);
			name = Resources;
			sourceTree = "<group>";
		};
		EB8F9C821C4A2BFA00C0ABA4 /* vendor */ = {
			isa = PBXGroup;
			children = (
				EB8F9D0D1C4A2C2E00C0ABA4 /* Frameworks */,
				EB8F9C831C4A2BFA00C0ABA4 /* LZMASDK */,
				EB8F9CA91C4A2BFA00C0ABA4 /* Unrar */,
				EB8F9CE71C4A2BFA00C0ABA4 /* ZipArchive */,
			);
			name = vendor;
			path = SARUnArchiveANY/vendor;
			sourceTree = "<group>";
		};
		EB8F9C831C4A2BFA00C0ABA4 /* LZMASDK */ = {
			isa = PBXGroup;
			children = (
				EB8F9C841C4A2BFA00C0ABA4 /* 7z.h */,
				EB8F9C851C4A2BFA00C0ABA4 /* 7zBuf.c */,
				EB8F9C861C4A2BFA00C0ABA4 /* 7zBuf.h */,
				EB8F9C871C4A2BFA00C0ABA4 /* 7zBuf2.c */,
				EB8F9C881C4A2BFA00C0ABA4 /* 7zDec.c */,
				EB8F9C891C4A2BFA00C0ABA4 /* 7zFile.c */,
				EB8F9C8A1C4A2BFA00C0ABA4 /* 7zFile.h */,
				EB8F9C8B1C4A2BFA00C0ABA4 /* 7zIn.c */,
				EB8F9C8C1C4A2BFA00C0ABA4 /* 7zStream.c */,
				EB8F9C8D1C4A2BFA00C0ABA4 /* 7zVersion.h */,
				EB8F9C8E1C4A2BFA00C0ABA4 /* Alloc.c */,
				EB8F9C8F1C4A2BFA00C0ABA4 /* Alloc.h */,
				EB8F9C901C4A2BFA00C0ABA4 /* CpuArch.c */,
				EB8F9C911C4A2BFA00C0ABA4 /* CpuArch.h */,
				EB8F9C921C4A2BFA00C0ABA4 /* Delta.c */,
				EB8F9C931C4A2BFA00C0ABA4 /* Delta.h */,
				EB8F9C941C4A2BFA00C0ABA4 /* LzHash.h */,
				EB8F9C951C4A2BFA00C0ABA4 /* Lzma2Dec.c */,
				EB8F9C961C4A2BFA00C0ABA4 /* Lzma2Dec.h */,
				EB8F9C971C4A2BFA00C0ABA4 /* LzmaDec.c */,
				EB8F9C981C4A2BFA00C0ABA4 /* LzmaDec.h */,
				EB8F9C991C4A2BFA00C0ABA4 /* LZMAExtractor.h */,
				EB8F9C9A1C4A2BFA00C0ABA4 /* LZMAExtractor.m */,
				EB8F9C9B1C4A2BFA00C0ABA4 /* Ppmd.h */,
				EB8F9C9C1C4A2BFA00C0ABA4 /* Ppmd7.c */,
				EB8F9C9D1C4A2BFA00C0ABA4 /* Ppmd7.h */,
				EB8F9C9E1C4A2BFA00C0ABA4 /* Ppmd7Dec.c */,
				EB8F9C9F1C4A2BFA00C0ABA4 /* Ppmd8.c */,
				EB8F9CA01C4A2BFA00C0ABA4 /* Ppmd8.h */,
				EB8F9CA11C4A2BFA00C0ABA4 /* Ppmd8Dec.c */,
				EB8F9CA21C4A2BFA00C0ABA4 /* RotateDefs.h */,
				EB8F9CA31C4A2BFA00C0ABA4 /* Types.h */,
				EB8F9CA41C4A2BFA00C0ABA4 /* Util */,
			);
			path = LZMASDK;
			sourceTree = "<group>";
		};
		EB8F9CA41C4A2BFA00C0ABA4 /* Util */ = {
			isa = PBXGroup;
			children = (
				EB8F9CA51C4A2BFA00C0ABA4 /* 7z */,
			);
			path = Util;
			sourceTree = "<group>";
		};
		EB8F9CA51C4A2BFA00C0ABA4 /* 7z */ = {
			isa = PBXGroup;
			children = (
				EB8F9CA61C4A2BFA00C0ABA4 /* 7zAlloc.c */,
				EB8F9CA71C4A2BFA00C0ABA4 /* 7zAlloc.h */,
				EB8F9CA81C4A2BFA00C0ABA4 /* 7zMain.c */,
			);
			path = 7z;
			sourceTree = "<group>";
		};
		EB8F9CA91C4A2BFA00C0ABA4 /* Unrar */ = {
			isa = PBXGroup;
			children = (
				EB8F9CAA1C4A2BFA00C0ABA4 /* Headers */,
				EB8F9CE41C4A2BFA00C0ABA4 /* RARExtractException.h */,
				EB8F9CE51C4A2BFA00C0ABA4 /* RARExtractException.m */,
				EB8F9CE61C4A2BFA00C0ABA4 /* Unrar4iOS.mm */,
			);
			path = Unrar;
			sourceTree = "<group>";
		};
		EB8F9CAA1C4A2BFA00C0ABA4 /* Headers */ = {
			isa = PBXGroup;
			children = (
				EB8F9CAB1C4A2BFA00C0ABA4 /* archive.hpp */,
				EB8F9CAC1C4A2BFA00C0ABA4 /* array.hpp */,
				EB8F9CAD1C4A2BFA00C0ABA4 /* cmddata.hpp */,
				EB8F9CAE1C4A2BFA00C0ABA4 /* coder.hpp */,
				EB8F9CAF1C4A2BFA00C0ABA4 /* compress.hpp */,
				EB8F9CB01C4A2BFA00C0ABA4 /* consio.hpp */,
				EB8F9CB11C4A2BFA00C0ABA4 /* crc.hpp */,
				EB8F9CB21C4A2BFA00C0ABA4 /* crypt.hpp */,
				EB8F9CB31C4A2BFA00C0ABA4 /* dll.hpp */,
				EB8F9CB41C4A2BFA00C0ABA4 /* encname.hpp */,
				EB8F9CB51C4A2BFA00C0ABA4 /* errhnd.hpp */,
				EB8F9CB61C4A2BFA00C0ABA4 /* extinfo.hpp */,
				EB8F9CB71C4A2BFA00C0ABA4 /* extract.hpp */,
				EB8F9CB81C4A2BFA00C0ABA4 /* filcreat.hpp */,
				EB8F9CB91C4A2BFA00C0ABA4 /* file.hpp */,
				EB8F9CBA1C4A2BFA00C0ABA4 /* filefn.hpp */,
				EB8F9CBB1C4A2BFA00C0ABA4 /* filestr.hpp */,
				EB8F9CBC1C4A2BFA00C0ABA4 /* find.hpp */,
				EB8F9CBD1C4A2BFA00C0ABA4 /* getbits.hpp */,
				EB8F9CBE1C4A2BFA00C0ABA4 /* global.hpp */,
				EB8F9CBF1C4A2BFA00C0ABA4 /* headers.hpp */,
				EB8F9CC01C4A2BFA00C0ABA4 /* isnt.hpp */,
				EB8F9CC11C4A2BFA00C0ABA4 /* list.hpp */,
				EB8F9CC21C4A2BFA00C0ABA4 /* loclang.hpp */,
				EB8F9CC31C4A2BFA00C0ABA4 /* log.hpp */,
				EB8F9CC41C4A2BFA00C0ABA4 /* match.hpp */,
				EB8F9CC51C4A2BFA00C0ABA4 /* model.hpp */,
				EB8F9CC61C4A2BFA00C0ABA4 /* options.hpp */,
				EB8F9CC71C4A2BFA00C0ABA4 /* os.hpp */,
				EB8F9CC81C4A2BFA00C0ABA4 /* pathfn.hpp */,
				EB8F9CC91C4A2BFA00C0ABA4 /* rar.hpp */,
				EB8F9CCA1C4A2BFA00C0ABA4 /* rardefs.hpp */,
				EB8F9CCB1C4A2BFA00C0ABA4 /* rarlang.hpp */,
				EB8F9CCC1C4A2BFA00C0ABA4 /* raros.hpp */,
				EB8F9CCD1C4A2BFA00C0ABA4 /* rartypes.hpp */,
				EB8F9CCE1C4A2BFA00C0ABA4 /* rarvm.hpp */,
				EB8F9CCF1C4A2BFA00C0ABA4 /* rawread.hpp */,
				EB8F9CD01C4A2BFA00C0ABA4 /* rdwrfn.hpp */,
				EB8F9CD11C4A2BFA00C0ABA4 /* recvol.hpp */,
				EB8F9CD21C4A2BFA00C0ABA4 /* resource.hpp */,
				EB8F9CD31C4A2BFA00C0ABA4 /* rijndael.hpp */,
				EB8F9CD41C4A2BFA00C0ABA4 /* rs.hpp */,
				EB8F9CD51C4A2BFA00C0ABA4 /* savepos.hpp */,
				EB8F9CD61C4A2BFA00C0ABA4 /* scantree.hpp */,
				EB8F9CD71C4A2BFA00C0ABA4 /* sha1.hpp */,
				EB8F9CD81C4A2BFA00C0ABA4 /* smallfn.hpp */,
				EB8F9CD91C4A2BFA00C0ABA4 /* strfn.hpp */,
				EB8F9CDA1C4A2BFA00C0ABA4 /* strlist.hpp */,
				EB8F9CDB1C4A2BFA00C0ABA4 /* suballoc.hpp */,
				EB8F9CDC1C4A2BFA00C0ABA4 /* system.hpp */,
				EB8F9CDD1C4A2BFA00C0ABA4 /* timefn.hpp */,
				EB8F9CDE1C4A2BFA00C0ABA4 /* ulinks.hpp */,
				EB8F9CDF1C4A2BFA00C0ABA4 /* unicode.hpp */,
				EB8F9CE01C4A2BFA00C0ABA4 /* unpack.hpp */,
				EB8F9CE11C4A2BFA00C0ABA4 /* Unrar4iOS.h */,
				EB8F9CE21C4A2BFA00C0ABA4 /* version.hpp */,
				EB8F9CE31C4A2BFA00C0ABA4 /* volume.hpp */,
			);
			path = Headers;
			sourceTree = "<group>";
		};
		EB8F9CE71C4A2BFA00C0ABA4 /* ZipArchive */ = {
			isa = PBXGroup;
			children = (
				EB8F9CE81C4A2BFA00C0ABA4 /* minizip */,
				EB8F9CF21C4A2BFA00C0ABA4 /* SSZipArchive.h */,
				EB8F9CF31C4A2BFA00C0ABA4 /* SSZipArchive.m */,
			);
			path = ZipArchive;
			sourceTree = "<group>";
		};
		EB8F9CE81C4A2BFA00C0ABA4 /* minizip */ = {
			isa = PBXGroup;
			children = (
				EB8F9CE91C4A2BFA00C0ABA4 /* crypt.h */,
				EB8F9CEA1C4A2BFA00C0ABA4 /* ioapi.c */,
				EB8F9CEB1C4A2BFA00C0ABA4 /* ioapi.h */,
				EB8F9CEC1C4A2BFA00C0ABA4 /* mztools.c */,
				EB8F9CED1C4A2BFA00C0ABA4 /* mztools.h */,
				EB8F9CEE1C4A2BFA00C0ABA4 /* unzip.c */,
				EB8F9CEF1C4A2BFA00C0ABA4 /* unzip.h */,
				EB8F9CF01C4A2BFA00C0ABA4 /* zip.c */,
				EB8F9CF11C4A2BFA00C0ABA4 /* zip.h */,
			);
			path = minizip;
			sourceTree = "<group>";
		};
		EB8F9D0D1C4A2C2E00C0ABA4 /* Frameworks */ = {
			isa = PBXGroup;
			children = (
				EB8F9D0E1C4A2C2E00C0ABA4 /* Unrar4iOS.framework */,
			);
			path = Frameworks;
			sourceTree = "<group>";
		};
/* End PBXGroup section */

/* Begin PBXNativeTarget section */
		848689D3172A55D00071C32A /* SARUnArchiveANY */ = {
			isa = PBXNativeTarget;
			buildConfigurationList = 848689FA172A55D00071C32A /* Build configuration list for PBXNativeTarget "SARUnArchiveANY" */;
			buildPhases = (
				848689D0172A55D00071C32A /* Sources */,
				848689D1172A55D00071C32A /* Frameworks */,
				848689D2172A55D00071C32A /* Resources */,
			);
			buildRules = (
			);
			dependencies = (
			);
			name = SARUnArchiveANY;
			productName = SARUnArchiveANY;
			productReference = 848689D4172A55D00071C32A /* SARUnArchiveANY.app */;
			productType = "com.apple.product-type.application";
		};
/* End PBXNativeTarget section */

/* Begin PBXProject section */
		848689CC172A55D00071C32A /* Project object */ = {
			isa = PBXProject;
			attributes = {
				LastUpgradeCheck = 0460;
				ORGANIZATIONNAME = SARAVANAN;
			};
			buildConfigurationList = 848689CF172A55D00071C32A /* Build configuration list for PBXProject "SARUnArchiveANY" */;
			compatibilityVersion = "Xcode 3.2";
			developmentRegion = English;
			hasScannedForEncodings = 0;
			knownRegions = (
				en,
			);
			mainGroup = 848689CB172A55D00071C32A;
			productRefGroup = 848689D5172A55D00071C32A /* Products */;
			projectDirPath = "";
			projectRoot = "";
			targets = (
				848689D3172A55D00071C32A /* SARUnArchiveANY */,
			);
		};
/* End PBXProject section */

/* Begin PBXResourcesBuildPhase section */
		848689D2172A55D00071C32A /* Resources */ = {
			isa = PBXResourcesBuildPhase;
			buildActionMask = 2147483647;
			files = (
				848689E2172A55D00071C32A /* InfoPlist.strings in Resources */,
				848689EA172A55D00071C32A /* Default.png in Resources */,
				848689EC172A55D00071C32A /* Default@2x.png in Resources */,
				848689EE172A55D00071C32A /* Default-568h@2x.png in Resources */,
				848689F4172A55D00071C32A /* ViewController_iPhone.xib in Resources */,
				848689F7172A55D00071C32A /* ViewController_iPad.xib in Resources */,
				84868A65172A5CFF0071C32A /* example.rar in Resources */,
				84868A67172A62BD0071C32A /* Zip_Example.zip in Resources */,
				84206227172FF097006BAB2B /* example.7z in Resources */,
			);
			runOnlyForDeploymentPostprocessing = 0;
		};
/* End PBXResourcesBuildPhase section */

/* Begin PBXSourcesBuildPhase section */
		848689D0172A55D00071C32A /* Sources */ = {
			isa = PBXSourcesBuildPhase;
			buildActionMask = 2147483647;
			files = (
				EB8F9CF41C4A2BFA00C0ABA4 /* 7zBuf.c in Sources */,
				EB8F9D021C4A2BFA00C0ABA4 /* Ppmd8.c in Sources */,
				EB8F9CF61C4A2BFA00C0ABA4 /* 7zDec.c in Sources */,
				EB8F9D071C4A2BFA00C0ABA4 /* Unrar4iOS.mm in Sources */,
				EB8F9D061C4A2BFA00C0ABA4 /* RARExtractException.m in Sources */,
				EB8F9D0C1C4A2BFA00C0ABA4 /* SSZipArchive.m in Sources */,
				EB8F9CF71C4A2BFA00C0ABA4 /* 7zFile.c in Sources */,
				EB8F9CF51C4A2BFA00C0ABA4 /* 7zBuf2.c in Sources */,
				EB8F9CFC1C4A2BFA00C0ABA4 /* Delta.c in Sources */,
				EB8F9D041C4A2BFA00C0ABA4 /* 7zAlloc.c in Sources */,
				EB8F9CFE1C4A2BFA00C0ABA4 /* LzmaDec.c in Sources */,
				EB8F9D001C4A2BFA00C0ABA4 /* Ppmd7.c in Sources */,
				EB8F9D031C4A2BFA00C0ABA4 /* Ppmd8Dec.c in Sources */,
				EB8F9D091C4A2BFA00C0ABA4 /* mztools.c in Sources */,
				EB8F9D011C4A2BFA00C0ABA4 /* Ppmd7Dec.c in Sources */,
				EB8F9CFB1C4A2BFA00C0ABA4 /* CpuArch.c in Sources */,
				848689E4172A55D00071C32A /* main.m in Sources */,
				EB8F9CFD1C4A2BFA00C0ABA4 /* Lzma2Dec.c in Sources */,
				848689E8172A55D00071C32A /* AppDelegate.m in Sources */,
				EB8F9D0A1C4A2BFA00C0ABA4 /* unzip.c in Sources */,
				EB8F9CFF1C4A2BFA00C0ABA4 /* LZMAExtractor.m in Sources */,
				848689F1172A55D00071C32A /* ViewController.m in Sources */,
				84868A6A172A800D0071C32A /* SARUnArchiveANY.m in Sources */,
				EB8F9CF91C4A2BFA00C0ABA4 /* 7zStream.c in Sources */,
				EB8F9CFA1C4A2BFA00C0ABA4 /* Alloc.c in Sources */,
				EB8F9CF81C4A2BFA00C0ABA4 /* 7zIn.c in Sources */,
				EB8F9D0B1C4A2BFA00C0ABA4 /* zip.c in Sources */,
				EB8F9D051C4A2BFA00C0ABA4 /* 7zMain.c in Sources */,
				EB8F9D081C4A2BFA00C0ABA4 /* ioapi.c in Sources */,
			);
			runOnlyForDeploymentPostprocessing = 0;
		};
/* End PBXSourcesBuildPhase section */

/* Begin PBXVariantGroup section */
		848689E0172A55D00071C32A /* InfoPlist.strings */ = {
			isa = PBXVariantGroup;
			children = (
				848689E1172A55D00071C32A /* en */,
			);
			name = InfoPlist.strings;
			sourceTree = "<group>";
		};
		848689F2172A55D00071C32A /* ViewController_iPhone.xib */ = {
			isa = PBXVariantGroup;
			children = (
				848689F3172A55D00071C32A /* en */,
			);
			name = ViewController_iPhone.xib;
			path = SARUnArchiveANY;
			sourceTree = "<group>";
		};
		848689F5172A55D00071C32A /* ViewController_iPad.xib */ = {
			isa = PBXVariantGroup;
			children = (
				848689F6172A55D00071C32A /* en */,
			);
			name = ViewController_iPad.xib;
			path = SARUnArchiveANY;
			sourceTree = "<group>";
		};
/* End PBXVariantGroup section */

/* Begin XCBuildConfiguration section */
		848689F8172A55D00071C32A /* Debug */ = {
			isa = XCBuildConfiguration;
			buildSettings = {
				ALWAYS_SEARCH_USER_PATHS = NO;
				CLANG_CXX_LANGUAGE_STANDARD = "gnu++0x";
				CLANG_CXX_LIBRARY = "libc++";
				CLANG_ENABLE_OBJC_ARC = YES;
				CLANG_WARN_CONSTANT_CONVERSION = YES;
				CLANG_WARN_EMPTY_BODY = YES;
				CLANG_WARN_ENUM_CONVERSION = YES;
				CLANG_WARN_INT_CONVERSION = YES;
				CLANG_WARN__DUPLICATE_METHOD_MATCH = YES;
				"CODE_SIGN_IDENTITY[sdk=iphoneos*]" = "iPhone Developer";
				COPY_PHASE_STRIP = NO;
				GCC_C_LANGUAGE_STANDARD = gnu99;
				GCC_DYNAMIC_NO_PIC = NO;
				GCC_OPTIMIZATION_LEVEL = 0;
				GCC_PREPROCESSOR_DEFINITIONS = (
					"DEBUG=1",
					"$(inherited)",
				);
				GCC_SYMBOLS_PRIVATE_EXTERN = NO;
				GCC_WARN_ABOUT_RETURN_TYPE = YES;
				GCC_WARN_UNINITIALIZED_AUTOS = YES;
				GCC_WARN_UNUSED_VARIABLE = YES;
				IPHONEOS_DEPLOYMENT_TARGET = 6.1;
				ONLY_ACTIVE_ARCH = YES;
				SDKROOT = iphoneos;
				TARGETED_DEVICE_FAMILY = "1,2";
			};
			name = Debug;
		};
		848689F9172A55D00071C32A /* Release */ = {
			isa = XCBuildConfiguration;
			buildSettings = {
				ALWAYS_SEARCH_USER_PATHS = NO;
				CLANG_CXX_LANGUAGE_STANDARD = "gnu++0x";
				CLANG_CXX_LIBRARY = "libc++";
				CLANG_ENABLE_OBJC_ARC = YES;
				CLANG_WARN_CONSTANT_CONVERSION = YES;
				CLANG_WARN_EMPTY_BODY = YES;
				CLANG_WARN_ENUM_CONVERSION = YES;
				CLANG_WARN_INT_CONVERSION = YES;
				CLANG_WARN__DUPLICATE_METHOD_MATCH = YES;
				"CODE_SIGN_IDENTITY[sdk=iphoneos*]" = "iPhone Developer";
				COPY_PHASE_STRIP = YES;
				GCC_C_LANGUAGE_STANDARD = gnu99;
				GCC_WARN_ABOUT_RETURN_TYPE = YES;
				GCC_WARN_UNINITIALIZED_AUTOS = YES;
				GCC_WARN_UNUSED_VARIABLE = YES;
				IPHONEOS_DEPLOYMENT_TARGET = 6.1;
				OTHER_CFLAGS = "-DNS_BLOCK_ASSERTIONS=1";
				SDKROOT = iphoneos;
				TARGETED_DEVICE_FAMILY = "1,2";
				VALIDATE_PRODUCT = YES;
			};
			name = Release;
		};
		848689FB172A55D00071C32A /* Debug */ = {
			isa = XCBuildConfiguration;
			buildSettings = {
				FRAMEWORK_SEARCH_PATHS = (
					"$(inherited)",
					"\"$(SRCROOT)/Frameworks\"",
					"$(PROJECT_DIR)/SARUnArchiveANY/vendor/Frameworks",
				);
				GCC_PRECOMPILE_PREFIX_HEADER = YES;
				GCC_PREFIX_HEADER = "SARUnArchiveANY/SARUnArchiveANY-Prefix.pch";
				INFOPLIST_FILE = "SARUnArchiveANY/SARUnArchiveANY-Info.plist";
				IPHONEOS_DEPLOYMENT_TARGET = 5.0;
				PRODUCT_NAME = "$(TARGET_NAME)";
				VALID_ARCHS = "arm64 armv7 armv7s i386";
				WRAPPER_EXTENSION = app;
			};
			name = Debug;
		};
		848689FC172A55D00071C32A /* Release */ = {
			isa = XCBuildConfiguration;
			buildSettings = {
				FRAMEWORK_SEARCH_PATHS = (
					"$(inherited)",
					"\"$(SRCROOT)/Frameworks\"",
					"$(PROJECT_DIR)/SARUnArchiveANY/vendor/Frameworks",
				);
				GCC_PRECOMPILE_PREFIX_HEADER = YES;
				GCC_PREFIX_HEADER = "SARUnArchiveANY/SARUnArchiveANY-Prefix.pch";
				INFOPLIST_FILE = "SARUnArchiveANY/SARUnArchiveANY-Info.plist";
				IPHONEOS_DEPLOYMENT_TARGET = 5.0;
				PRODUCT_NAME = "$(TARGET_NAME)";
				VALID_ARCHS = "arm64 armv7 armv7s i386";
				WRAPPER_EXTENSION = app;
			};
			name = Release;
		};
/* End XCBuildConfiguration section */

/* Begin XCConfigurationList section */
		848689CF172A55D00071C32A /* Build configuration list for PBXProject "SARUnArchiveANY" */ = {
			isa = XCConfigurationList;
			buildConfigurations = (
				848689F8172A55D00071C32A /* Debug */,
				848689F9172A55D00071C32A /* Release */,
			);
			defaultConfigurationIsVisible = 0;
			defaultConfigurationName = Release;
		};
		848689FA172A55D00071C32A /* Build configuration list for PBXNativeTarget "SARUnArchiveANY" */ = {
			isa = XCConfigurationList;
			buildConfigurations = (
				848689FB172A55D00071C32A /* Debug */,
				848689FC172A55D00071C32A /* Release */,
			);
			defaultConfigurationIsVisible = 0;
			defaultConfigurationName = Release;
		};
/* End XCConfigurationList section */
	};
	rootObject = 848689CC172A55D00071C32A /* Project object */;
}
